{
  "name": "api-value-seen",
  "version": "0.1.0",
  "lockfileVersion": 3,
  "requires": true,
  "packages": {
    "": {
      "name": "api-value-seen",
      "version": "0.1.0",
      "dependencies": {
        "cypress-api-value-seen": "file:cypress-plugin"
      }
    },
    "cypress-plugin": {
      "name": "cypress-api-value-seen",
      "version": "0.1.0"
    },
    "node_modules/cypress-api-value-seen": {
      "resolved": "cypress-plugin",
      "link": true
    }
  }
}
